
Microsoft Visual Studio Solution File, Format Version 12.00
# Visual Studio Version 17
VisualStudioVersion = 17.8.34408.163
MinimumVisualStudioVersion = 10.0.40219.1
Project("{FAE04EC0-301F-11D3-BF4B-00C04F79EFBC}") = "Gaming Dashboard", "TrangChu\Gaming Dashboard.csproj", "{556741C4-0E35-4BAB-9BDB-F442CAB14416}"
EndProject
Project("{FAE04EC0-301F-11D3-BF4B-00C04F79EFBC}") = "admin & tke", "Admin\admin & tke\admin & tke.csproj", "{C2C8B5E6-85B1-4FB3-83AD-58A38E417926}"
EndProject
Project("{FAE04EC0-301F-11D3-BF4B-00C04F79EFBC}") = "MEMORY MATCH", "memory_match\MEMORY MATCH\MEMORY MATCH.csproj", "{E2A4416D-2725-454E-B21B-889C1746ADDC}"
EndProject
Project("{FAE04EC0-301F-11D3-BF4B-00C04F79EFBC}") = "Game02", "Game_2\Game02\Game02.csproj", "{1C0F478F-7FCA-4E3C-9D01-7A38B3A9EE05}"
EndProject
Project("{FAE04EC0-301F-11D3-BF4B-00C04F79EFBC}") = "Codecool.Quest", "Game_03\Codecool.Quest\Codecool.Quest.csproj", "{E705A73B-D7C5-4F3C-AFB5-D7EA15A2ACC3}"
EndProject
Global
	GlobalSection(SolutionConfigurationPlatforms) = preSolution
		Debug|Any CPU = Debug|Any CPU
		Release|Any CPU = Release|Any CPU
	EndGlobalSection
	GlobalSection(ProjectConfigurationPlatforms) = postSolution
		{556741C4-0E35-4BAB-9BDB-F442CAB14416}.Debug|Any CPU.ActiveCfg = Debug|Any CPU
		{556741C4-0E35-4BAB-9BDB-F442CAB14416}.Debug|Any CPU.Build.0 = Debug|Any CPU
		{556741C4-0E35-4BAB-9BDB-F442CAB14416}.Release|Any CPU.ActiveCfg = Release|Any CPU
		{556741C4-0E35-4BAB-9BDB-F442CAB14416}.Release|Any CPU.Build.0 = Release|Any CPU
		{C2C8B5E6-85B1-4FB3-83AD-58A38E417926}.Debug|Any CPU.ActiveCfg = Debug|Any CPU
		{C2C8B5E6-85B1-4FB3-83AD-58A38E417926}.Debug|Any CPU.Build.0 = Debug|Any CPU
		{C2C8B5E6-85B1-4FB3-83AD-58A38E417926}.Release|Any CPU.ActiveCfg = Release|Any CPU
		{C2C8B5E6-85B1-4FB3-83AD-58A38E417926}.Release|Any CPU.Build.0 = Release|Any CPU
		{E2A4416D-2725-454E-B21B-889C1746ADDC}.Debug|Any CPU.ActiveCfg = Debug|Any CPU
		{E2A4416D-2725-454E-B21B-889C1746ADDC}.Debug|Any CPU.Build.0 = Debug|Any CPU
		{E2A4416D-2725-454E-B21B-889C1746ADDC}.Release|Any CPU.ActiveCfg = Release|Any CPU
		{E2A4416D-2725-454E-B21B-889C1746ADDC}.Release|Any CPU.Build.0 = Release|Any CPU
		{1C0F478F-7FCA-4E3C-9D01-7A38B3A9EE05}.Debug|Any CPU.ActiveCfg = Debug|Any CPU
		{1C0F478F-7FCA-4E3C-9D01-7A38B3A9EE05}.Debug|Any CPU.Build.0 = Debug|Any CPU
		{1C0F478F-7FCA-4E3C-9D01-7A38B3A9EE05}.Release|Any CPU.ActiveCfg = Release|Any CPU
		{1C0F478F-7FCA-4E3C-9D01-7A38B3A9EE05}.Release|Any CPU.Build.0 = Release|Any CPU
		{E705A73B-D7C5-4F3C-AFB5-D7EA15A2ACC3}.Debug|Any CPU.ActiveCfg = Debug|Any CPU
		{E705A73B-D7C5-4F3C-AFB5-D7EA15A2ACC3}.Debug|Any CPU.Build.0 = Debug|Any CPU
		{E705A73B-D7C5-4F3C-AFB5-D7EA15A2ACC3}.Release|Any CPU.ActiveCfg = Release|Any CPU
		{E705A73B-D7C5-4F3C-AFB5-D7EA15A2ACC3}.Release|Any CPU.Build.0 = Release|Any CPU
	EndGlobalSection
	GlobalSection(SolutionProperties) = preSolution
		HideSolutionNode = FALSE
	EndGlobalSection
	GlobalSection(ExtensibilityGlobals) = postSolution
		SolutionGuid = {972ED96B-1256-42F4-B78B-840A2EDA4F9B}
	EndGlobalSection
EndGlobal
