
Microsoft Visual Studio Solution File, Format Version 12.00
# Visual Studio Version 17
VisualStudioVersion = 17.7.34003.232
MinimumVisualStudioVersion = 10.0.40219.1
Project("{FAE04EC0-301F-11D3-BF4B-00C04F79EFBC}") = "admin & tke", "admin & tke\admin & tke.csproj", "{C2C8B5E6-85B1-4FB3-83AD-58A38E417926}"
EndProject
Global
	GlobalSection(SolutionConfigurationPlatforms) = preSolution
		Debug|Any CPU = Debug|Any CPU
		Release|Any CPU = Release|Any CPU
	EndGlobalSection
	GlobalSection(ProjectConfigurationPlatforms) = postSolution
		{C2C8B5E6-85B1-4FB3-83AD-58A38E417926}.Debug|Any CPU.ActiveCfg = Debug|Any CPU
		{C2C8B5E6-85B1-4FB3-83AD-58A38E417926}.Debug|Any CPU.Build.0 = Debug|Any CPU
		{C2C8B5E6-85B1-4FB3-83AD-58A38E417926}.Release|Any CPU.ActiveCfg = Release|Any CPU
		{C2C8B5E6-85B1-4FB3-83AD-58A38E417926}.Release|Any CPU.Build.0 = Release|Any CPU
	EndGlobalSection
	GlobalSection(SolutionProperties) = preSolution
		HideSolutionNode = FALSE
	EndGlobalSection
	GlobalSection(ExtensibilityGlobals) = postSolution
		SolutionGuid = {2593DCA5-15BD-41EB-8F1E-D6908676A1E5}
	EndGlobalSection
EndGlobal
