
Microsoft Visual Studio Solution File, Format Version 12.00
# Visual Studio Version 17
VisualStudioVersion = 17.7.34003.232
MinimumVisualStudioVersion = 10.0.40219.1
Project("{FAE04EC0-301F-11D3-BF4B-00C04F79EFBC}") = "Game02", "Game02\Game02.csproj", "{1C0F478F-7FCA-4E3C-9D01-7A38B3A9EE05}"
EndProject
Global
	GlobalSection(SolutionConfigurationPlatforms) = preSolution
		Debug|Any CPU = Debug|Any CPU
		Release|Any CPU = Release|Any CPU
	EndGlobalSection
	GlobalSection(ProjectConfigurationPlatforms) = postSolution
		{1C0F478F-7FCA-4E3C-9D01-7A38B3A9EE05}.Debug|Any CPU.ActiveCfg = Debug|Any CPU
		{1C0F478F-7FCA-4E3C-9D01-7A38B3A9EE05}.Debug|Any CPU.Build.0 = Debug|Any CPU
		{1C0F478F-7FCA-4E3C-9D01-7A38B3A9EE05}.Release|Any CPU.ActiveCfg = Release|Any CPU
		{1C0F478F-7FCA-4E3C-9D01-7A38B3A9EE05}.Release|Any CPU.Build.0 = Release|Any CPU
	EndGlobalSection
	GlobalSection(SolutionProperties) = preSolution
		HideSolutionNode = FALSE
	EndGlobalSection
	GlobalSection(ExtensibilityGlobals) = postSolution
		SolutionGuid = {ACFC091C-C89B-49C2-9F0E-2F273003DE32}
	EndGlobalSection
EndGlobal
